
Microsoft Visual Studio Solution File, Format Version 12.00
# Visual Studio Version 17
VisualStudioVersion = 17.11.35222.181
MinimumVisualStudioVersion = 10.0.40219.1
Project("{FAE04EC0-301F-11D3-BF4B-00C04F79EFBC}") = "Topic - 7 Lists", "Topic - 7 Lists\Topic - 7 Lists.csproj", "{4A0210F0-344B-429B-B1DB-915D8541007E}"
EndProject
Global
	GlobalSection(SolutionConfigurationPlatforms) = preSolution
		Debug|Any CPU = Debug|Any CPU
		Release|Any CPU = Release|Any CPU
	EndGlobalSection
	GlobalSection(ProjectConfigurationPlatforms) = postSolution
		{4A0210F0-344B-429B-B1DB-915D8541007E}.Debug|Any CPU.ActiveCfg = Debug|Any CPU
		{4A0210F0-344B-429B-B1DB-915D8541007E}.Debug|Any CPU.Build.0 = Debug|Any CPU
		{4A0210F0-344B-429B-B1DB-915D8541007E}.Release|Any CPU.ActiveCfg = Release|Any CPU
		{4A0210F0-344B-429B-B1DB-915D8541007E}.Release|Any CPU.Build.0 = Release|Any CPU
	EndGlobalSection
	GlobalSection(SolutionProperties) = preSolution
		HideSolutionNode = FALSE
	EndGlobalSection
	GlobalSection(ExtensibilityGlobals) = postSolution
		SolutionGuid = {DA97AB75-5CD8-49EF-93D9-D1E1E429C9AB}
	EndGlobalSection
EndGlobal
